
Microsoft Visual Studio Solution File, Format Version 12.00
# Visual Studio Version 17
VisualStudioVersion = 17.7.34024.191
MinimumVisualStudioVersion = 10.0.40219.1
Project("{FAE04EC0-301F-11D3-BF4B-00C04F79EFBC}") = "CLKahveSipariş", "CLKahveSipariş\CLKahveSipariş.csproj", "{F33FD473-FB0E-470A-BE8E-B9A967CDBDC9}"
EndProject
Global
	GlobalSection(SolutionConfigurationPlatforms) = preSolution
		Debug|Any CPU = Debug|Any CPU
		Release|Any CPU = Release|Any CPU
	EndGlobalSection
	GlobalSection(ProjectConfigurationPlatforms) = postSolution
		{F33FD473-FB0E-470A-BE8E-B9A967CDBDC9}.Debug|Any CPU.ActiveCfg = Debug|Any CPU
		{F33FD473-FB0E-470A-BE8E-B9A967CDBDC9}.Debug|Any CPU.Build.0 = Debug|Any CPU
		{F33FD473-FB0E-470A-BE8E-B9A967CDBDC9}.Release|Any CPU.ActiveCfg = Release|Any CPU
		{F33FD473-FB0E-470A-BE8E-B9A967CDBDC9}.Release|Any CPU.Build.0 = Release|Any CPU
	EndGlobalSection
	GlobalSection(SolutionProperties) = preSolution
		HideSolutionNode = FALSE
	EndGlobalSection
	GlobalSection(ExtensibilityGlobals) = postSolution
		SolutionGuid = {B53F25CA-0610-432D-9AFA-E5C7DE91BC64}
	EndGlobalSection
EndGlobal
